
Microsoft Visual Studio Solution File, Format Version 12.00
# Visual Studio Version 17
VisualStudioVersion = 17.7.33808.371
MinimumVisualStudioVersion = 10.0.40219.1
Project("{FAE04EC0-301F-11D3-BF4B-00C04F79EFBC}") = "T8MoveList", "T8MoveList\T8MoveList.csproj", "{E6DE6B11-7A2A-4685-80F3-5481B5FB07F5}"
EndProject
Global
	GlobalSection(SolutionConfigurationPlatforms) = preSolution
		Debug|Any CPU = Debug|Any CPU
		Release|Any CPU = Release|Any CPU
	EndGlobalSection
	GlobalSection(ProjectConfigurationPlatforms) = postSolution
		{E6DE6B11-7A2A-4685-80F3-5481B5FB07F5}.Debug|Any CPU.ActiveCfg = Debug|Any CPU
		{E6DE6B11-7A2A-4685-80F3-5481B5FB07F5}.Debug|Any CPU.Build.0 = Debug|Any CPU
		{E6DE6B11-7A2A-4685-80F3-5481B5FB07F5}.Release|Any CPU.ActiveCfg = Release|Any CPU
		{E6DE6B11-7A2A-4685-80F3-5481B5FB07F5}.Release|Any CPU.Build.0 = Release|Any CPU
	EndGlobalSection
	GlobalSection(SolutionProperties) = preSolution
		HideSolutionNode = FALSE
	EndGlobalSection
	GlobalSection(ExtensibilityGlobals) = postSolution
		SolutionGuid = {CC8F44B9-6FA8-4C04-A376-9F18E2449264}
	EndGlobalSection
EndGlobal
